Microsoft Visual Studio Solution File, Format Version 12.00
# Visual Studio Version 17
VisualStudioVersion = 17.5.2.0
MinimumVisualStudioVersion = 10.0.40219.1
Project("{FAE04EC0-301F-11D3-BF4B-00C04F79EFBC}") = "Agendamentos", "Agendamentos\Agendamentos.csproj", "{9AAE1AE4-4D87-F60D-C252-1072ECC109DD}"
EndProject
Global
	GlobalSection(SolutionConfigurationPlatforms) = preSolution
		Debug|Any CPU = Debug|Any CPU
		Release|Any CPU = Release|Any CPU
	EndGlobalSection
	GlobalSection(ProjectConfigurationPlatforms) = postSolution
		{9AAE1AE4-4D87-F60D-C252-1072ECC109DD}.Debug|Any CPU.ActiveCfg = Debug|Any CPU
		{9AAE1AE4-4D87-F60D-C252-1072ECC109DD}.Debug|Any CPU.Build.0 = Debug|Any CPU
		{9AAE1AE4-4D87-F60D-C252-1072ECC109DD}.Release|Any CPU.ActiveCfg = Release|Any CPU
		{9AAE1AE4-4D87-F60D-C252-1072ECC109DD}.Release|Any CPU.Build.0 = Release|Any CPU
	EndGlobalSection
	GlobalSection(SolutionProperties) = preSolution
		HideSolutionNode = FALSE
	EndGlobalSection
	GlobalSection(ExtensibilityGlobals) = postSolution
		SolutionGuid = {FA2D6D3A-7D82-4DBA-8708-8B9DFC9F671B}
	EndGlobalSection
EndGlobal
